
Microsoft Visual Studio Solution File, Format Version 12.00
# Visual Studio Version 16
VisualStudioVersion = 16.0.34301.259
MinimumVisualStudioVersion = 10.0.40219.1
Project("{2150E333-8FDC-42A3-9474-1A3956D46DE8}") = "Task4", "Task4", "{84E2E1E9-8042-4D91-B418-CE6E1BBD1466}"
EndProject
Project("{FAE04EC0-301F-11D3-BF4B-00C04F79EFBC}") = "Tyuiu.GofmanDV.Sprint5.Task4.V10", "Tyuiu.GofmanDV.Sprint5.Task4.V10\Tyuiu.GofmanDV.Sprint5.Task4.V10.csproj", "{14442531-B7FF-42EA-B60A-3B96876D38F7}"
EndProject
Project("{FAE04EC0-301F-11D3-BF4B-00C04F79EFBC}") = "Tyuiu.GofmanDV.Sprint5.Task4.V10.Lib", "Tyuiu.GofmanDV.Sprint5.Task4.V10.Lib\Tyuiu.GofmanDV.Sprint5.Task4.V10.Lib.csproj", "{35B84FB0-0FEC-42B8-9154-8ACDEF01753D}"
EndProject
Project("{FAE04EC0-301F-11D3-BF4B-00C04F79EFBC}") = "Tyuiu.GofmanDV.Sprint5.Task4.V10.Test", "Tyuiu.GofmanDV.Sprint5.Task4.V10.Test\Tyuiu.GofmanDV.Sprint5.Task4.V10.Test.csproj", "{F03A1EF3-AD2B-41C8-9625-8ECCCA16DFE6}"
EndProject
Project("{2150E333-8FDC-42A3-9474-1A3956D46DE8}") = "Task5", "Task5", "{2E5CAA13-EBA8-4E21-BBEF-417D89CE67DA}"
EndProject
Project("{FAE04EC0-301F-11D3-BF4B-00C04F79EFBC}") = "Tyuiu.GofmanDV.Sprint5.Task5.V19", "Tyuiu.GofmanDV.Sprint5.Task5.V19\Tyuiu.GofmanDV.Sprint5.Task5.V19.csproj", "{A922F4A6-F4D8-400D-A5E9-E853A1819E9D}"
EndProject
Project("{FAE04EC0-301F-11D3-BF4B-00C04F79EFBC}") = "Tyuiu.GofmanDV.Sprint5.Task5.V19.Lib", "Tyuiu.GofmanDV.Sprint5.Task5.V19.Lib\Tyuiu.GofmanDV.Sprint5.Task5.V19.Lib.csproj", "{439F407F-7F3B-4AA7-8506-91AB6C3B5D52}"
EndProject
Project("{FAE04EC0-301F-11D3-BF4B-00C04F79EFBC}") = "Tyuiu.GofmanDV.Sprint5.Task5.V19.Test", "Tyuiu.GofmanDV.Sprint5.Task5.V19.Test\Tyuiu.GofmanDV.Sprint5.Task5.V19.Test.csproj", "{973F1297-5663-45C2-AD18-841ADC77CB65}"
EndProject
Project("{2150E333-8FDC-42A3-9474-1A3956D46DE8}") = "Task6", "Task6", "{4994EB91-A459-410B-8566-D7BB8E83CA4E}"
EndProject
Project("{FAE04EC0-301F-11D3-BF4B-00C04F79EFBC}") = "Tyuiu.GofmanDV.Sprint5.Task6.V6", "Tyuiu.GofmanDV.Sprint5.Task6.V6\Tyuiu.GofmanDV.Sprint5.Task6.V6.csproj", "{4A5E593B-4E63-4534-8F84-C57A549C6CC2}"
EndProject
Project("{FAE04EC0-301F-11D3-BF4B-00C04F79EFBC}") = "Tyuiu.GofmanDV.Sprint5.Task6.V6.Lib", "Tyuiu.GofmanDV.Sprint5.Task6.V6.Lib\Tyuiu.GofmanDV.Sprint5.Task6.V6.Lib.csproj", "{51B6D483-4D84-455B-AE96-217F1347649F}"
EndProject
Project("{FAE04EC0-301F-11D3-BF4B-00C04F79EFBC}") = "Tyuiu.GofmanDV.Sprint5.Task6.V6.Test", "Tyuiu.GofmanDV.Sprint5.Task6.V6.Test\Tyuiu.GofmanDV.Sprint5.Task6.V6.Test.csproj", "{94AA0AD2-F46A-48A0-A8D6-E801DFEAA451}"
EndProject
Project("{2150E333-8FDC-42A3-9474-1A3956D46DE8}") = "Task7", "Task7", "{5A23088E-FBF9-4AD2-BDFB-B44AA79BE474}"
EndProject
Project("{FAE04EC0-301F-11D3-BF4B-00C04F79EFBC}") = "Tyuiu.GofmanDV.Sprint5.Task7.V20", "Tyuiu.GofmanDV.Sprint5.Task7.V20\Tyuiu.GofmanDV.Sprint5.Task7.V20.csproj", "{C4EE0486-9992-49BD-B31A-90844D0BE4A9}"
EndProject
Project("{FAE04EC0-301F-11D3-BF4B-00C04F79EFBC}") = "Tyuiu.GofmanDV.Sprint5.Task7.V20.Lib", "Tyuiu.GofmanDV.Sprint5.Task7.V20.Lib\Tyuiu.GofmanDV.Sprint5.Task7.V20.Lib.csproj", "{F64358F6-B2DD-4A3E-BF2D-32FC22E4D5BB}"
EndProject
Project("{FAE04EC0-301F-11D3-BF4B-00C04F79EFBC}") = "Tyuiu.GofmanDV.Sprint5.Task7.V20.Test", "Tyuiu.GofmanDV.Sprint5.Task7.V20.Test\Tyuiu.GofmanDV.Sprint5.Task7.V20.Test.csproj", "{84794C86-12FF-4D92-AAAF-B138D9CD45FB}"
EndProject
Global
	GlobalSection(SolutionConfigurationPlatforms) = preSolution
		Debug|Any CPU = Debug|Any CPU
		Release|Any CPU = Release|Any CPU
	EndGlobalSection
	GlobalSection(ProjectConfigurationPlatforms) = postSolution
		{14442531-B7FF-42EA-B60A-3B96876D38F7}.Debug|Any CPU.ActiveCfg = Debug|Any CPU
		{14442531-B7FF-42EA-B60A-3B96876D38F7}.Debug|Any CPU.Build.0 = Debug|Any CPU
		{14442531-B7FF-42EA-B60A-3B96876D38F7}.Release|Any CPU.ActiveCfg = Release|Any CPU
		{14442531-B7FF-42EA-B60A-3B96876D38F7}.Release|Any CPU.Build.0 = Release|Any CPU
		{35B84FB0-0FEC-42B8-9154-8ACDEF01753D}.Debug|Any CPU.ActiveCfg = Debug|Any CPU
		{35B84FB0-0FEC-42B8-9154-8ACDEF01753D}.Debug|Any CPU.Build.0 = Debug|Any CPU
		{35B84FB0-0FEC-42B8-9154-8ACDEF01753D}.Release|Any CPU.ActiveCfg = Release|Any CPU
		{35B84FB0-0FEC-42B8-9154-8ACDEF01753D}.Release|Any CPU.Build.0 = Release|Any CPU
		{F03A1EF3-AD2B-41C8-9625-8ECCCA16DFE6}.Debug|Any CPU.ActiveCfg = Debug|Any CPU
		{F03A1EF3-AD2B-41C8-9625-8ECCCA16DFE6}.Debug|Any CPU.Build.0 = Debug|Any CPU
		{F03A1EF3-AD2B-41C8-9625-8ECCCA16DFE6}.Release|Any CPU.ActiveCfg = Release|Any CPU
		{F03A1EF3-AD2B-41C8-9625-8ECCCA16DFE6}.Release|Any CPU.Build.0 = Release|Any CPU
		{A922F4A6-F4D8-400D-A5E9-E853A1819E9D}.Debug|Any CPU.ActiveCfg = Debug|Any CPU
		{A922F4A6-F4D8-400D-A5E9-E853A1819E9D}.Debug|Any CPU.Build.0 = Debug|Any CPU
		{A922F4A6-F4D8-400D-A5E9-E853A1819E9D}.Release|Any CPU.ActiveCfg = Release|Any CPU
		{A922F4A6-F4D8-400D-A5E9-E853A1819E9D}.Release|Any CPU.Build.0 = Release|Any CPU
		{439F407F-7F3B-4AA7-8506-91AB6C3B5D52}.Debug|Any CPU.ActiveCfg = Debug|Any CPU
		{439F407F-7F3B-4AA7-8506-91AB6C3B5D52}.Debug|Any CPU.Build.0 = Debug|Any CPU
		{439F407F-7F3B-4AA7-8506-91AB6C3B5D52}.Release|Any CPU.ActiveCfg = Release|Any CPU
		{439F407F-7F3B-4AA7-8506-91AB6C3B5D52}.Release|Any CPU.Build.0 = Release|Any CPU
		{973F1297-5663-45C2-AD18-841ADC77CB65}.Debug|Any CPU.ActiveCfg = Debug|Any CPU
		{973F1297-5663-45C2-AD18-841ADC77CB65}.Debug|Any CPU.Build.0 = Debug|Any CPU
		{973F1297-5663-45C2-AD18-841ADC77CB65}.Release|Any CPU.ActiveCfg = Release|Any CPU
		{973F1297-5663-45C2-AD18-841ADC77CB65}.Release|Any CPU.Build.0 = Release|Any CPU
		{4A5E593B-4E63-4534-8F84-C57A549C6CC2}.Debug|Any CPU.ActiveCfg = Debug|Any CPU
		{4A5E593B-4E63-4534-8F84-C57A549C6CC2}.Debug|Any CPU.Build.0 = Debug|Any CPU
		{4A5E593B-4E63-4534-8F84-C57A549C6CC2}.Release|Any CPU.ActiveCfg = Release|Any CPU
		{4A5E593B-4E63-4534-8F84-C57A549C6CC2}.Release|Any CPU.Build.0 = Release|Any CPU
		{51B6D483-4D84-455B-AE96-217F1347649F}.Debug|Any CPU.ActiveCfg = Debug|Any CPU
		{51B6D483-4D84-455B-AE96-217F1347649F}.Debug|Any CPU.Build.0 = Debug|Any CPU
		{51B6D483-4D84-455B-AE96-217F1347649F}.Release|Any CPU.ActiveCfg = Release|Any CPU
		{51B6D483-4D84-455B-AE96-217F1347649F}.Release|Any CPU.Build.0 = Release|Any CPU
		{94AA0AD2-F46A-48A0-A8D6-E801DFEAA451}.Debug|Any CPU.ActiveCfg = Debug|Any CPU
		{94AA0AD2-F46A-48A0-A8D6-E801DFEAA451}.Debug|Any CPU.Build.0 = Debug|Any CPU
		{94AA0AD2-F46A-48A0-A8D6-E801DFEAA451}.Release|Any CPU.ActiveCfg = Release|Any CPU
		{94AA0AD2-F46A-48A0-A8D6-E801DFEAA451}.Release|Any CPU.Build.0 = Release|Any CPU
		{C4EE0486-9992-49BD-B31A-90844D0BE4A9}.Debug|Any CPU.ActiveCfg = Debug|Any CPU
		{C4EE0486-9992-49BD-B31A-90844D0BE4A9}.Debug|Any CPU.Build.0 = Debug|Any CPU
		{C4EE0486-9992-49BD-B31A-90844D0BE4A9}.Release|Any CPU.ActiveCfg = Release|Any CPU
		{C4EE0486-9992-49BD-B31A-90844D0BE4A9}.Release|Any CPU.Build.0 = Release|Any CPU
		{F64358F6-B2DD-4A3E-BF2D-32FC22E4D5BB}.Debug|Any CPU.ActiveCfg = Debug|Any CPU
		{F64358F6-B2DD-4A3E-BF2D-32FC22E4D5BB}.Debug|Any CPU.Build.0 = Debug|Any CPU
		{F64358F6-B2DD-4A3E-BF2D-32FC22E4D5BB}.Release|Any CPU.ActiveCfg = Release|Any CPU
		{F64358F6-B2DD-4A3E-BF2D-32FC22E4D5BB}.Release|Any CPU.Build.0 = Release|Any CPU
		{84794C86-12FF-4D92-AAAF-B138D9CD45FB}.Debug|Any CPU.ActiveCfg = Debug|Any CPU
		{84794C86-12FF-4D92-AAAF-B138D9CD45FB}.Debug|Any CPU.Build.0 = Debug|Any CPU
		{84794C86-12FF-4D92-AAAF-B138D9CD45FB}.Release|Any CPU.ActiveCfg = Release|Any CPU
		{84794C86-12FF-4D92-AAAF-B138D9CD45FB}.Release|Any CPU.Build.0 = Release|Any CPU
	EndGlobalSection
	GlobalSection(SolutionProperties) = preSolution
		HideSolutionNode = FALSE
	EndGlobalSection
	GlobalSection(NestedProjects) = preSolution
		{14442531-B7FF-42EA-B60A-3B96876D38F7} = {84E2E1E9-8042-4D91-B418-CE6E1BBD1466}
		{35B84FB0-0FEC-42B8-9154-8ACDEF01753D} = {84E2E1E9-8042-4D91-B418-CE6E1BBD1466}
		{F03A1EF3-AD2B-41C8-9625-8ECCCA16DFE6} = {84E2E1E9-8042-4D91-B418-CE6E1BBD1466}
		{A922F4A6-F4D8-400D-A5E9-E853A1819E9D} = {2E5CAA13-EBA8-4E21-BBEF-417D89CE67DA}
		{439F407F-7F3B-4AA7-8506-91AB6C3B5D52} = {2E5CAA13-EBA8-4E21-BBEF-417D89CE67DA}
		{973F1297-5663-45C2-AD18-841ADC77CB65} = {2E5CAA13-EBA8-4E21-BBEF-417D89CE67DA}
		{4A5E593B-4E63-4534-8F84-C57A549C6CC2} = {4994EB91-A459-410B-8566-D7BB8E83CA4E}
		{51B6D483-4D84-455B-AE96-217F1347649F} = {4994EB91-A459-410B-8566-D7BB8E83CA4E}
		{94AA0AD2-F46A-48A0-A8D6-E801DFEAA451} = {4994EB91-A459-410B-8566-D7BB8E83CA4E}
		{C4EE0486-9992-49BD-B31A-90844D0BE4A9} = {5A23088E-FBF9-4AD2-BDFB-B44AA79BE474}
		{F64358F6-B2DD-4A3E-BF2D-32FC22E4D5BB} = {5A23088E-FBF9-4AD2-BDFB-B44AA79BE474}
		{84794C86-12FF-4D92-AAAF-B138D9CD45FB} = {5A23088E-FBF9-4AD2-BDFB-B44AA79BE474}
	EndGlobalSection
	GlobalSection(ExtensibilityGlobals) = postSolution
		SolutionGuid = {F3778189-2520-477D-A576-A2E23DCBA13C}
	EndGlobalSection
EndGlobal
